
Microsoft Visual Studio Solution File, Format Version 12.00
# Visual Studio Version 16
VisualStudioVersion = 16.0.29911.84
MinimumVisualStudioVersion = 10.0.40219.1
Project("{9A19103F-16F7-4668-BE54-9A1E7A4F7556}") = "Faze.Abstractions", "Faze.Abstractions\Faze.Abstractions\Faze.Abstractions.csproj", "{3B8D735A-02F0-4D15-9C40-D701F8E11C98}"
EndProject
Project("{9A19103F-16F7-4668-BE54-9A1E7A4F7556}") = "Faze.Engine", "Faze.Engine\Faze.Engine\Faze.Engine.csproj", "{C80D1C76-FF96-4E73-9CCE-CB88A6F9D151}"
EndProject
Project("{9A19103F-16F7-4668-BE54-9A1E7A4F7556}") = "Faze.Rendering", "Faze.Rendering\Faze.Rendering\Faze.Rendering.csproj", "{B15917E9-096B-4E9B-9282-223027A9DA6C}"
EndProject
Global
	GlobalSection(SolutionConfigurationPlatforms) = preSolution
		Debug|Any CPU = Debug|Any CPU
		Release|Any CPU = Release|Any CPU
	EndGlobalSection
	GlobalSection(ProjectConfigurationPlatforms) = postSolution
		{3B8D735A-02F0-4D15-9C40-D701F8E11C98}.Debug|Any CPU.ActiveCfg = Debug|Any CPU
		{3B8D735A-02F0-4D15-9C40-D701F8E11C98}.Debug|Any CPU.Build.0 = Debug|Any CPU
		{3B8D735A-02F0-4D15-9C40-D701F8E11C98}.Release|Any CPU.ActiveCfg = Release|Any CPU
		{3B8D735A-02F0-4D15-9C40-D701F8E11C98}.Release|Any CPU.Build.0 = Release|Any CPU
		{C80D1C76-FF96-4E73-9CCE-CB88A6F9D151}.Debug|Any CPU.ActiveCfg = Debug|Any CPU
		{C80D1C76-FF96-4E73-9CCE-CB88A6F9D151}.Debug|Any CPU.Build.0 = Debug|Any CPU
		{C80D1C76-FF96-4E73-9CCE-CB88A6F9D151}.Release|Any CPU.ActiveCfg = Release|Any CPU
		{C80D1C76-FF96-4E73-9CCE-CB88A6F9D151}.Release|Any CPU.Build.0 = Release|Any CPU
		{B15917E9-096B-4E9B-9282-223027A9DA6C}.Debug|Any CPU.ActiveCfg = Debug|Any CPU
		{B15917E9-096B-4E9B-9282-223027A9DA6C}.Debug|Any CPU.Build.0 = Debug|Any CPU
		{B15917E9-096B-4E9B-9282-223027A9DA6C}.Release|Any CPU.ActiveCfg = Release|Any CPU
		{B15917E9-096B-4E9B-9282-223027A9DA6C}.Release|Any CPU.Build.0 = Release|Any CPU
	EndGlobalSection
	GlobalSection(SolutionProperties) = preSolution
		HideSolutionNode = FALSE
	EndGlobalSection
	GlobalSection(ExtensibilityGlobals) = postSolution
		SolutionGuid = {CF0267C9-5DB8-4A3A-8106-112CA497CA91}
	EndGlobalSection
EndGlobal
