
Microsoft Visual Studio Solution File, Format Version 12.00
# Visual Studio Version 16
VisualStudioVersion = 16.0.31515.178
MinimumVisualStudioVersion = 10.0.40219.1
Project("{9A19103F-16F7-4668-BE54-9A1E7A4F7556}") = "Faze.Rendering.Video.FFMPEG", "Faze.Rendering.Video.FFMPEG\Faze.Rendering.Video.FFMPEG.csproj", "{55905E59-7A4C-4F3C-A04A-C62EBC66C992}"
EndProject
Project("{9A19103F-16F7-4668-BE54-9A1E7A4F7556}") = "Faze.Rendering.Video.FFMPEG.Tests", "Faze.Rendering.Video.FFMPEG.Tests\Faze.Rendering.Video.FFMPEG.Tests.csproj", "{A88DB8EA-2540-4824-8A49-7DF81821221D}"
EndProject
Global
	GlobalSection(SolutionConfigurationPlatforms) = preSolution
		Debug|Any CPU = Debug|Any CPU
		Release|Any CPU = Release|Any CPU
	EndGlobalSection
	GlobalSection(ProjectConfigurationPlatforms) = postSolution
		{55905E59-7A4C-4F3C-A04A-C62EBC66C992}.Debug|Any CPU.ActiveCfg = Debug|Any CPU
		{55905E59-7A4C-4F3C-A04A-C62EBC66C992}.Debug|Any CPU.Build.0 = Debug|Any CPU
		{55905E59-7A4C-4F3C-A04A-C62EBC66C992}.Release|Any CPU.ActiveCfg = Release|Any CPU
		{55905E59-7A4C-4F3C-A04A-C62EBC66C992}.Release|Any CPU.Build.0 = Release|Any CPU
		{A88DB8EA-2540-4824-8A49-7DF81821221D}.Debug|Any CPU.ActiveCfg = Debug|Any CPU
		{A88DB8EA-2540-4824-8A49-7DF81821221D}.Debug|Any CPU.Build.0 = Debug|Any CPU
		{A88DB8EA-2540-4824-8A49-7DF81821221D}.Release|Any CPU.ActiveCfg = Release|Any CPU
		{A88DB8EA-2540-4824-8A49-7DF81821221D}.Release|Any CPU.Build.0 = Release|Any CPU
	EndGlobalSection
	GlobalSection(SolutionProperties) = preSolution
		HideSolutionNode = FALSE
	EndGlobalSection
	GlobalSection(ExtensibilityGlobals) = postSolution
		SolutionGuid = {966DFD20-18E1-4CFF-A9AD-78EB8220A1A6}
	EndGlobalSection
EndGlobal
