
Microsoft Visual Studio Solution File, Format Version 12.00
# Visual Studio Version 16
VisualStudioVersion = 16.0.29911.84
MinimumVisualStudioVersion = 10.0.40219.1
Project("{2150E333-8FDC-42A3-9474-1A3956D46DE8}") = "Examples", "Examples", "{36EBED6A-B078-4EA6-AA7B-95D3659FC8A9}"
EndProject
Project("{9A19103F-16F7-4668-BE54-9A1E7A4F7556}") = "Faze.Games.Chess", "examples\chess\Faze.Games.Chess\Faze.Games.Chess.csproj", "{FB01E25A-4B9A-4E7F-B3BA-486E1AA1BE0B}"
EndProject
Project("{9A19103F-16F7-4668-BE54-9A1E7A4F7556}") = "Faze.Games.Skulls", "examples\skulls\Faze.Games.Skulls\Faze.Games.Skulls.csproj", "{05B8E666-6B83-407F-B746-04CA8A4F4330}"
EndProject
Project("{2150E333-8FDC-42A3-9474-1A3956D46DE8}") = "chess", "chess", "{9EB4B8E5-024F-4E20-A90C-20347DD82A90}"
EndProject
Project("{9A19103F-16F7-4668-BE54-9A1E7A4F7556}") = "Chess", "examples\chess\External\ChessLib\Chess\Chess.csproj", "{484C6183-25A6-4189-A9FA-9EBDE0A801F4}"
EndProject
Project("{2150E333-8FDC-42A3-9474-1A3956D46DE8}") = "skulls", "skulls", "{7655C180-0BB5-4AA1-872A-89E611535BEA}"
EndProject
Project("{9A19103F-16F7-4668-BE54-9A1E7A4F7556}") = "Faze.Abstractions", "libraries\Faze.Abstractions\Faze.Abstractions\Faze.Abstractions.csproj", "{C8F5EC05-396F-4E67-9CC1-A6ADE0F45493}"
EndProject
Project("{9A19103F-16F7-4668-BE54-9A1E7A4F7556}") = "Faze.Engine", "libraries\Faze.Engine\Faze.Engine\Faze.Engine.csproj", "{C3780E86-B3D3-47B9-8991-41F1D1450B62}"
EndProject
Project("{9A19103F-16F7-4668-BE54-9A1E7A4F7556}") = "Faze.Rendering", "libraries\Faze.Rendering\Faze.Rendering\Faze.Rendering.csproj", "{3206A7FD-8CF7-4E73-8A88-1AF30009DBFD}"
EndProject
Project("{9A19103F-16F7-4668-BE54-9A1E7A4F7556}") = "Faze.Games.Skulls.Tests", "examples\skulls\Faze.Games.Skulls.Tests\Faze.Games.Skulls.Tests.csproj", "{46C20E28-1ECE-465E-84B7-881640AE2294}"
EndProject
Project("{9A19103F-16F7-4668-BE54-9A1E7A4F7556}") = "Faze.Games.Chess.Tests", "examples\chess\Faze.Games.Chess.Tests\Faze.Games.Chess.Tests.csproj", "{C57426EB-6A1C-47B8-880E-3500A596D3A6}"
EndProject
Project("{9A19103F-16F7-4668-BE54-9A1E7A4F7556}") = "Faze.Games.Chess.Rendering", "examples\chess\Faze.Games.Chess.Rendering\Faze.Games.Chess.Rendering.csproj", "{80E22609-13F6-4B60-B1D4-6D0BF6BD0E3A}"
EndProject
Project("{9A19103F-16F7-4668-BE54-9A1E7A4F7556}") = "Faze.Rendering.Benchmarks", "libraries\Faze.Rendering\Faze.Rendering.Benchmarks\Faze.Rendering.Benchmarks.csproj", "{4CF3E43A-6625-469B-821A-E4D571AB17DC}"
EndProject
Project("{9A19103F-16F7-4668-BE54-9A1E7A4F7556}") = "Faze.Rendering.Playground", "libraries\Faze.Rendering\Faze.Rendering.Playground\Faze.Rendering.Playground.csproj", "{D5A2A1DA-E3B2-45B1-AC81-1680AD5E3629}"
EndProject
Project("{9A19103F-16F7-4668-BE54-9A1E7A4F7556}") = "Faze.Rendering.Tests", "libraries\Faze.Rendering\Faze.Rendering.Tests\Faze.Rendering.Tests.csproj", "{3F40ECE0-3130-4E67-97A3-4441EF9E608F}"
EndProject
Project("{2150E333-8FDC-42A3-9474-1A3956D46DE8}") = "Libraries", "Libraries", "{A4DB498A-8C65-4EDA-9CCB-F09E9E4CCED7}"
EndProject
Project("{2150E333-8FDC-42A3-9474-1A3956D46DE8}") = "noughts-crosses", "noughts-crosses", "{824A3E6B-0CCF-4E8B-B2E2-9C8EFD05D142}"
EndProject
Project("{9A19103F-16F7-4668-BE54-9A1E7A4F7556}") = "Faze.Examples.OX", "examples\noughts-crosses\Faze.Examples.OX\Faze.Examples.OX.csproj", "{2E7EB842-5606-4984-A7F8-D4973CFD2D2C}"
EndProject
Project("{FAE04EC0-301F-11D3-BF4B-00C04F79EFBC}") = "Faze.Examples.OX.Tests", "examples\noughts-crosses\Faze.Examples.OX.Tests\Faze.Examples.OX.Tests.csproj", "{FD229C8F-7584-4CDF-9E27-607799FF1DDC}"
EndProject
Project("{2150E333-8FDC-42A3-9474-1A3956D46DE8}") = "generic-grid", "generic-grid", "{FFC64B33-727B-4199-804D-3B41E3206550}"
EndProject
Project("{FAE04EC0-301F-11D3-BF4B-00C04F79EFBC}") = "Faze.Examples.GridGames", "examples\generic-grid\Faze.Examples.GridGames\Faze.Examples.GridGames.csproj", "{31A99DD4-E745-47FC-8901-CB80AE3560F4}"
EndProject
Global
	GlobalSection(SolutionConfigurationPlatforms) = preSolution
		Debug|Any CPU = Debug|Any CPU
		Debug|x64 = Debug|x64
		Release|Any CPU = Release|Any CPU
		Release|x64 = Release|x64
	EndGlobalSection
	GlobalSection(ProjectConfigurationPlatforms) = postSolution
		{FB01E25A-4B9A-4E7F-B3BA-486E1AA1BE0B}.Debug|Any CPU.ActiveCfg = Debug|Any CPU
		{FB01E25A-4B9A-4E7F-B3BA-486E1AA1BE0B}.Debug|Any CPU.Build.0 = Debug|Any CPU
		{FB01E25A-4B9A-4E7F-B3BA-486E1AA1BE0B}.Debug|x64.ActiveCfg = Debug|Any CPU
		{FB01E25A-4B9A-4E7F-B3BA-486E1AA1BE0B}.Debug|x64.Build.0 = Debug|Any CPU
		{FB01E25A-4B9A-4E7F-B3BA-486E1AA1BE0B}.Release|Any CPU.ActiveCfg = Release|Any CPU
		{FB01E25A-4B9A-4E7F-B3BA-486E1AA1BE0B}.Release|Any CPU.Build.0 = Release|Any CPU
		{FB01E25A-4B9A-4E7F-B3BA-486E1AA1BE0B}.Release|x64.ActiveCfg = Release|Any CPU
		{FB01E25A-4B9A-4E7F-B3BA-486E1AA1BE0B}.Release|x64.Build.0 = Release|Any CPU
		{05B8E666-6B83-407F-B746-04CA8A4F4330}.Debug|Any CPU.ActiveCfg = Debug|Any CPU
		{05B8E666-6B83-407F-B746-04CA8A4F4330}.Debug|Any CPU.Build.0 = Debug|Any CPU
		{05B8E666-6B83-407F-B746-04CA8A4F4330}.Debug|x64.ActiveCfg = Debug|Any CPU
		{05B8E666-6B83-407F-B746-04CA8A4F4330}.Debug|x64.Build.0 = Debug|Any CPU
		{05B8E666-6B83-407F-B746-04CA8A4F4330}.Release|Any CPU.ActiveCfg = Release|Any CPU
		{05B8E666-6B83-407F-B746-04CA8A4F4330}.Release|Any CPU.Build.0 = Release|Any CPU
		{05B8E666-6B83-407F-B746-04CA8A4F4330}.Release|x64.ActiveCfg = Release|Any CPU
		{05B8E666-6B83-407F-B746-04CA8A4F4330}.Release|x64.Build.0 = Release|Any CPU
		{484C6183-25A6-4189-A9FA-9EBDE0A801F4}.Debug|Any CPU.ActiveCfg = Debug|Any CPU
		{484C6183-25A6-4189-A9FA-9EBDE0A801F4}.Debug|Any CPU.Build.0 = Debug|Any CPU
		{484C6183-25A6-4189-A9FA-9EBDE0A801F4}.Debug|x64.ActiveCfg = Debug|x64
		{484C6183-25A6-4189-A9FA-9EBDE0A801F4}.Debug|x64.Build.0 = Debug|x64
		{484C6183-25A6-4189-A9FA-9EBDE0A801F4}.Release|Any CPU.ActiveCfg = Release|Any CPU
		{484C6183-25A6-4189-A9FA-9EBDE0A801F4}.Release|Any CPU.Build.0 = Release|Any CPU
		{484C6183-25A6-4189-A9FA-9EBDE0A801F4}.Release|x64.ActiveCfg = Release|x64
		{484C6183-25A6-4189-A9FA-9EBDE0A801F4}.Release|x64.Build.0 = Release|x64
		{C8F5EC05-396F-4E67-9CC1-A6ADE0F45493}.Debug|Any CPU.ActiveCfg = Debug|Any CPU
		{C8F5EC05-396F-4E67-9CC1-A6ADE0F45493}.Debug|Any CPU.Build.0 = Debug|Any CPU
		{C8F5EC05-396F-4E67-9CC1-A6ADE0F45493}.Debug|x64.ActiveCfg = Debug|Any CPU
		{C8F5EC05-396F-4E67-9CC1-A6ADE0F45493}.Debug|x64.Build.0 = Debug|Any CPU
		{C8F5EC05-396F-4E67-9CC1-A6ADE0F45493}.Release|Any CPU.ActiveCfg = Release|Any CPU
		{C8F5EC05-396F-4E67-9CC1-A6ADE0F45493}.Release|Any CPU.Build.0 = Release|Any CPU
		{C8F5EC05-396F-4E67-9CC1-A6ADE0F45493}.Release|x64.ActiveCfg = Release|Any CPU
		{C8F5EC05-396F-4E67-9CC1-A6ADE0F45493}.Release|x64.Build.0 = Release|Any CPU
		{C3780E86-B3D3-47B9-8991-41F1D1450B62}.Debug|Any CPU.ActiveCfg = Debug|Any CPU
		{C3780E86-B3D3-47B9-8991-41F1D1450B62}.Debug|Any CPU.Build.0 = Debug|Any CPU
		{C3780E86-B3D3-47B9-8991-41F1D1450B62}.Debug|x64.ActiveCfg = Debug|Any CPU
		{C3780E86-B3D3-47B9-8991-41F1D1450B62}.Debug|x64.Build.0 = Debug|Any CPU
		{C3780E86-B3D3-47B9-8991-41F1D1450B62}.Release|Any CPU.ActiveCfg = Release|Any CPU
		{C3780E86-B3D3-47B9-8991-41F1D1450B62}.Release|Any CPU.Build.0 = Release|Any CPU
		{C3780E86-B3D3-47B9-8991-41F1D1450B62}.Release|x64.ActiveCfg = Release|Any CPU
		{C3780E86-B3D3-47B9-8991-41F1D1450B62}.Release|x64.Build.0 = Release|Any CPU
		{3206A7FD-8CF7-4E73-8A88-1AF30009DBFD}.Debug|Any CPU.ActiveCfg = Debug|Any CPU
		{3206A7FD-8CF7-4E73-8A88-1AF30009DBFD}.Debug|Any CPU.Build.0 = Debug|Any CPU
		{3206A7FD-8CF7-4E73-8A88-1AF30009DBFD}.Debug|x64.ActiveCfg = Debug|Any CPU
		{3206A7FD-8CF7-4E73-8A88-1AF30009DBFD}.Debug|x64.Build.0 = Debug|Any CPU
		{3206A7FD-8CF7-4E73-8A88-1AF30009DBFD}.Release|Any CPU.ActiveCfg = Release|Any CPU
		{3206A7FD-8CF7-4E73-8A88-1AF30009DBFD}.Release|Any CPU.Build.0 = Release|Any CPU
		{3206A7FD-8CF7-4E73-8A88-1AF30009DBFD}.Release|x64.ActiveCfg = Release|Any CPU
		{3206A7FD-8CF7-4E73-8A88-1AF30009DBFD}.Release|x64.Build.0 = Release|Any CPU
		{46C20E28-1ECE-465E-84B7-881640AE2294}.Debug|Any CPU.ActiveCfg = Debug|Any CPU
		{46C20E28-1ECE-465E-84B7-881640AE2294}.Debug|Any CPU.Build.0 = Debug|Any CPU
		{46C20E28-1ECE-465E-84B7-881640AE2294}.Debug|x64.ActiveCfg = Debug|Any CPU
		{46C20E28-1ECE-465E-84B7-881640AE2294}.Debug|x64.Build.0 = Debug|Any CPU
		{46C20E28-1ECE-465E-84B7-881640AE2294}.Release|Any CPU.ActiveCfg = Release|Any CPU
		{46C20E28-1ECE-465E-84B7-881640AE2294}.Release|Any CPU.Build.0 = Release|Any CPU
		{46C20E28-1ECE-465E-84B7-881640AE2294}.Release|x64.ActiveCfg = Release|Any CPU
		{46C20E28-1ECE-465E-84B7-881640AE2294}.Release|x64.Build.0 = Release|Any CPU
		{C57426EB-6A1C-47B8-880E-3500A596D3A6}.Debug|Any CPU.ActiveCfg = Debug|Any CPU
		{C57426EB-6A1C-47B8-880E-3500A596D3A6}.Debug|Any CPU.Build.0 = Debug|Any CPU
		{C57426EB-6A1C-47B8-880E-3500A596D3A6}.Debug|x64.ActiveCfg = Debug|Any CPU
		{C57426EB-6A1C-47B8-880E-3500A596D3A6}.Debug|x64.Build.0 = Debug|Any CPU
		{C57426EB-6A1C-47B8-880E-3500A596D3A6}.Release|Any CPU.ActiveCfg = Release|Any CPU
		{C57426EB-6A1C-47B8-880E-3500A596D3A6}.Release|Any CPU.Build.0 = Release|Any CPU
		{C57426EB-6A1C-47B8-880E-3500A596D3A6}.Release|x64.ActiveCfg = Release|Any CPU
		{C57426EB-6A1C-47B8-880E-3500A596D3A6}.Release|x64.Build.0 = Release|Any CPU
		{80E22609-13F6-4B60-B1D4-6D0BF6BD0E3A}.Debug|Any CPU.ActiveCfg = Debug|Any CPU
		{80E22609-13F6-4B60-B1D4-6D0BF6BD0E3A}.Debug|Any CPU.Build.0 = Debug|Any CPU
		{80E22609-13F6-4B60-B1D4-6D0BF6BD0E3A}.Debug|x64.ActiveCfg = Debug|Any CPU
		{80E22609-13F6-4B60-B1D4-6D0BF6BD0E3A}.Debug|x64.Build.0 = Debug|Any CPU
		{80E22609-13F6-4B60-B1D4-6D0BF6BD0E3A}.Release|Any CPU.ActiveCfg = Release|Any CPU
		{80E22609-13F6-4B60-B1D4-6D0BF6BD0E3A}.Release|Any CPU.Build.0 = Release|Any CPU
		{80E22609-13F6-4B60-B1D4-6D0BF6BD0E3A}.Release|x64.ActiveCfg = Release|Any CPU
		{80E22609-13F6-4B60-B1D4-6D0BF6BD0E3A}.Release|x64.Build.0 = Release|Any CPU
		{4CF3E43A-6625-469B-821A-E4D571AB17DC}.Debug|Any CPU.ActiveCfg = Debug|Any CPU
		{4CF3E43A-6625-469B-821A-E4D571AB17DC}.Debug|Any CPU.Build.0 = Debug|Any CPU
		{4CF3E43A-6625-469B-821A-E4D571AB17DC}.Debug|x64.ActiveCfg = Debug|Any CPU
		{4CF3E43A-6625-469B-821A-E4D571AB17DC}.Debug|x64.Build.0 = Debug|Any CPU
		{4CF3E43A-6625-469B-821A-E4D571AB17DC}.Release|Any CPU.ActiveCfg = Release|Any CPU
		{4CF3E43A-6625-469B-821A-E4D571AB17DC}.Release|Any CPU.Build.0 = Release|Any CPU
		{4CF3E43A-6625-469B-821A-E4D571AB17DC}.Release|x64.ActiveCfg = Release|Any CPU
		{4CF3E43A-6625-469B-821A-E4D571AB17DC}.Release|x64.Build.0 = Release|Any CPU
		{D5A2A1DA-E3B2-45B1-AC81-1680AD5E3629}.Debug|Any CPU.ActiveCfg = Debug|Any CPU
		{D5A2A1DA-E3B2-45B1-AC81-1680AD5E3629}.Debug|Any CPU.Build.0 = Debug|Any CPU
		{D5A2A1DA-E3B2-45B1-AC81-1680AD5E3629}.Debug|x64.ActiveCfg = Debug|Any CPU
		{D5A2A1DA-E3B2-45B1-AC81-1680AD5E3629}.Debug|x64.Build.0 = Debug|Any CPU
		{D5A2A1DA-E3B2-45B1-AC81-1680AD5E3629}.Release|Any CPU.ActiveCfg = Release|Any CPU
		{D5A2A1DA-E3B2-45B1-AC81-1680AD5E3629}.Release|Any CPU.Build.0 = Release|Any CPU
		{D5A2A1DA-E3B2-45B1-AC81-1680AD5E3629}.Release|x64.ActiveCfg = Release|Any CPU
		{D5A2A1DA-E3B2-45B1-AC81-1680AD5E3629}.Release|x64.Build.0 = Release|Any CPU
		{3F40ECE0-3130-4E67-97A3-4441EF9E608F}.Debug|Any CPU.ActiveCfg = Debug|Any CPU
		{3F40ECE0-3130-4E67-97A3-4441EF9E608F}.Debug|Any CPU.Build.0 = Debug|Any CPU
		{3F40ECE0-3130-4E67-97A3-4441EF9E608F}.Debug|x64.ActiveCfg = Debug|Any CPU
		{3F40ECE0-3130-4E67-97A3-4441EF9E608F}.Debug|x64.Build.0 = Debug|Any CPU
		{3F40ECE0-3130-4E67-97A3-4441EF9E608F}.Release|Any CPU.ActiveCfg = Release|Any CPU
		{3F40ECE0-3130-4E67-97A3-4441EF9E608F}.Release|Any CPU.Build.0 = Release|Any CPU
		{3F40ECE0-3130-4E67-97A3-4441EF9E608F}.Release|x64.ActiveCfg = Release|Any CPU
		{3F40ECE0-3130-4E67-97A3-4441EF9E608F}.Release|x64.Build.0 = Release|Any CPU
		{2E7EB842-5606-4984-A7F8-D4973CFD2D2C}.Debug|Any CPU.ActiveCfg = Debug|Any CPU
		{2E7EB842-5606-4984-A7F8-D4973CFD2D2C}.Debug|Any CPU.Build.0 = Debug|Any CPU
		{2E7EB842-5606-4984-A7F8-D4973CFD2D2C}.Debug|x64.ActiveCfg = Debug|Any CPU
		{2E7EB842-5606-4984-A7F8-D4973CFD2D2C}.Debug|x64.Build.0 = Debug|Any CPU
		{2E7EB842-5606-4984-A7F8-D4973CFD2D2C}.Release|Any CPU.ActiveCfg = Release|Any CPU
		{2E7EB842-5606-4984-A7F8-D4973CFD2D2C}.Release|Any CPU.Build.0 = Release|Any CPU
		{2E7EB842-5606-4984-A7F8-D4973CFD2D2C}.Release|x64.ActiveCfg = Release|Any CPU
		{2E7EB842-5606-4984-A7F8-D4973CFD2D2C}.Release|x64.Build.0 = Release|Any CPU
		{FD229C8F-7584-4CDF-9E27-607799FF1DDC}.Debug|Any CPU.ActiveCfg = Debug|Any CPU
		{FD229C8F-7584-4CDF-9E27-607799FF1DDC}.Debug|Any CPU.Build.0 = Debug|Any CPU
		{FD229C8F-7584-4CDF-9E27-607799FF1DDC}.Debug|x64.ActiveCfg = Debug|Any CPU
		{FD229C8F-7584-4CDF-9E27-607799FF1DDC}.Debug|x64.Build.0 = Debug|Any CPU
		{FD229C8F-7584-4CDF-9E27-607799FF1DDC}.Release|Any CPU.ActiveCfg = Release|Any CPU
		{FD229C8F-7584-4CDF-9E27-607799FF1DDC}.Release|Any CPU.Build.0 = Release|Any CPU
		{FD229C8F-7584-4CDF-9E27-607799FF1DDC}.Release|x64.ActiveCfg = Release|Any CPU
		{FD229C8F-7584-4CDF-9E27-607799FF1DDC}.Release|x64.Build.0 = Release|Any CPU
		{31A99DD4-E745-47FC-8901-CB80AE3560F4}.Debug|Any CPU.ActiveCfg = Debug|Any CPU
		{31A99DD4-E745-47FC-8901-CB80AE3560F4}.Debug|Any CPU.Build.0 = Debug|Any CPU
		{31A99DD4-E745-47FC-8901-CB80AE3560F4}.Debug|x64.ActiveCfg = Debug|Any CPU
		{31A99DD4-E745-47FC-8901-CB80AE3560F4}.Debug|x64.Build.0 = Debug|Any CPU
		{31A99DD4-E745-47FC-8901-CB80AE3560F4}.Release|Any CPU.ActiveCfg = Release|Any CPU
		{31A99DD4-E745-47FC-8901-CB80AE3560F4}.Release|Any CPU.Build.0 = Release|Any CPU
		{31A99DD4-E745-47FC-8901-CB80AE3560F4}.Release|x64.ActiveCfg = Release|Any CPU
		{31A99DD4-E745-47FC-8901-CB80AE3560F4}.Release|x64.Build.0 = Release|Any CPU
	EndGlobalSection
	GlobalSection(SolutionProperties) = preSolution
		HideSolutionNode = FALSE
	EndGlobalSection
	GlobalSection(NestedProjects) = preSolution
		{FB01E25A-4B9A-4E7F-B3BA-486E1AA1BE0B} = {9EB4B8E5-024F-4E20-A90C-20347DD82A90}
		{05B8E666-6B83-407F-B746-04CA8A4F4330} = {7655C180-0BB5-4AA1-872A-89E611535BEA}
		{9EB4B8E5-024F-4E20-A90C-20347DD82A90} = {36EBED6A-B078-4EA6-AA7B-95D3659FC8A9}
		{484C6183-25A6-4189-A9FA-9EBDE0A801F4} = {9EB4B8E5-024F-4E20-A90C-20347DD82A90}
		{7655C180-0BB5-4AA1-872A-89E611535BEA} = {36EBED6A-B078-4EA6-AA7B-95D3659FC8A9}
		{C8F5EC05-396F-4E67-9CC1-A6ADE0F45493} = {A4DB498A-8C65-4EDA-9CCB-F09E9E4CCED7}
		{C3780E86-B3D3-47B9-8991-41F1D1450B62} = {A4DB498A-8C65-4EDA-9CCB-F09E9E4CCED7}
		{3206A7FD-8CF7-4E73-8A88-1AF30009DBFD} = {A4DB498A-8C65-4EDA-9CCB-F09E9E4CCED7}
		{46C20E28-1ECE-465E-84B7-881640AE2294} = {7655C180-0BB5-4AA1-872A-89E611535BEA}
		{C57426EB-6A1C-47B8-880E-3500A596D3A6} = {9EB4B8E5-024F-4E20-A90C-20347DD82A90}
		{80E22609-13F6-4B60-B1D4-6D0BF6BD0E3A} = {9EB4B8E5-024F-4E20-A90C-20347DD82A90}
		{4CF3E43A-6625-469B-821A-E4D571AB17DC} = {A4DB498A-8C65-4EDA-9CCB-F09E9E4CCED7}
		{D5A2A1DA-E3B2-45B1-AC81-1680AD5E3629} = {A4DB498A-8C65-4EDA-9CCB-F09E9E4CCED7}
		{3F40ECE0-3130-4E67-97A3-4441EF9E608F} = {A4DB498A-8C65-4EDA-9CCB-F09E9E4CCED7}
		{824A3E6B-0CCF-4E8B-B2E2-9C8EFD05D142} = {36EBED6A-B078-4EA6-AA7B-95D3659FC8A9}
		{2E7EB842-5606-4984-A7F8-D4973CFD2D2C} = {824A3E6B-0CCF-4E8B-B2E2-9C8EFD05D142}
		{FD229C8F-7584-4CDF-9E27-607799FF1DDC} = {824A3E6B-0CCF-4E8B-B2E2-9C8EFD05D142}
		{FFC64B33-727B-4199-804D-3B41E3206550} = {36EBED6A-B078-4EA6-AA7B-95D3659FC8A9}
		{31A99DD4-E745-47FC-8901-CB80AE3560F4} = {FFC64B33-727B-4199-804D-3B41E3206550}
	EndGlobalSection
	GlobalSection(ExtensibilityGlobals) = postSolution
		SolutionGuid = {CF0267C9-5DB8-4A3A-8106-112CA497CA91}
	EndGlobalSection
EndGlobal
